// !$*UTF8*$!
{
	archiveVersion = 1;
	classes = {
	};
	objectVersion = 56;
	objects = {

/* Begin PBXBuildFile section */
		2197BD492A705E3400EA8F8E /* CoinDataService.swift in Sources */ = {isa = PBXBuildFile; fileRef = 2197BD482A705E3400EA8F8E /* CoinDataService.swift */; };
		219847092A60907500B3D031 /* CryptoInfoApp.swift in Sources */ = {isa = PBXBuildFile; fileRef = 219847082A60907500B3D031 /* CryptoInfoApp.swift */; };
		2198470B2A60907500B3D031 /* ContentView.swift in Sources */ = {isa = PBXBuildFile; fileRef = 2198470A2A60907500B3D031 /* ContentView.swift */; };
		2198470D2A60907600B3D031 /* Assets.xcassets in Resources */ = {isa = PBXBuildFile; fileRef = 2198470C2A60907600B3D031 /* Assets.xcassets */; };
		219847102A60907600B3D031 /* Preview Assets.xcassets in Resources */ = {isa = PBXBuildFile; fileRef = 2198470F2A60907600B3D031 /* Preview Assets.xcassets */; };
		219847182A6097E300B3D031 /* Color.swift in Sources */ = {isa = PBXBuildFile; fileRef = 219847172A6097E300B3D031 /* Color.swift */; };
		2198471E2A609DD500B3D031 /* HomeView.swift in Sources */ = {isa = PBXBuildFile; fileRef = 2198471D2A609DD500B3D031 /* HomeView.swift */; };
		219847222A609FB400B3D031 /* CircleButtonView.swift in Sources */ = {isa = PBXBuildFile; fileRef = 219847212A609FB400B3D031 /* CircleButtonView.swift */; };
		219847242A60A65300B3D031 /* CircleButtonAnimationView.swift in Sources */ = {isa = PBXBuildFile; fileRef = 219847232A60A65300B3D031 /* CircleButtonAnimationView.swift */; };
		21984A6B2A69FD9A00FC6F0A /* Double.swift in Sources */ = {isa = PBXBuildFile; fileRef = 21984A6A2A69FD9A00FC6F0A /* Double.swift */; };
		219862532A6DEB9200713554 /* HomeViewModel.swift in Sources */ = {isa = PBXBuildFile; fileRef = 219862522A6DEB9200713554 /* HomeViewModel.swift */; };
		219F4D5C2A62152E00CC3406 /* CoinModel.swift in Sources */ = {isa = PBXBuildFile; fileRef = 219F4D5B2A62152E00CC3406 /* CoinModel.swift */; };
		21C2F2222A71E26600F4161A /* NetworkingManager.swift in Sources */ = {isa = PBXBuildFile; fileRef = 21C2F2212A71E26600F4161A /* NetworkingManager.swift */; };
		21D2FF532A68A67F00871195 /* CoinRowView.swift in Sources */ = {isa = PBXBuildFile; fileRef = 21D2FF522A68A67F00871195 /* CoinRowView.swift */; };
		21D2FF552A68A70E00871195 /* PreviewProvider.swift in Sources */ = {isa = PBXBuildFile; fileRef = 21D2FF542A68A70E00871195 /* PreviewProvider.swift */; };
/* End PBXBuildFile section */

/* Begin PBXFileReference section */
		2197BD482A705E3400EA8F8E /* CoinDataService.swift */ = {isa = PBXFileReference; lastKnownFileType = sourcecode.swift; path = CoinDataService.swift; sourceTree = "<group>"; };
		219847052A60907500B3D031 /* CryptoInfo.app */ = {isa = PBXFileReference; explicitFileType = wrapper.application; includeInIndex = 0; path = CryptoInfo.app; sourceTree = BUILT_PRODUCTS_DIR; };
		219847082A60907500B3D031 /* CryptoInfoApp.swift */ = {isa = PBXFileReference; lastKnownFileType = sourcecode.swift; path = CryptoInfoApp.swift; sourceTree = "<group>"; };
		2198470A2A60907500B3D031 /* ContentView.swift */ = {isa = PBXFileReference; lastKnownFileType = sourcecode.swift; path = ContentView.swift; sourceTree = "<group>"; };
		2198470C2A60907600B3D031 /* Assets.xcassets */ = {isa = PBXFileReference; lastKnownFileType = folder.assetcatalog; path = Assets.xcassets; sourceTree = "<group>"; };
		2198470F2A60907600B3D031 /* Preview Assets.xcassets */ = {isa = PBXFileReference; lastKnownFileType = folder.assetcatalog; path = "Preview Assets.xcassets"; sourceTree = "<group>"; };
		219847172A6097E300B3D031 /* Color.swift */ = {isa = PBXFileReference; lastKnownFileType = sourcecode.swift; path = Color.swift; sourceTree = "<group>"; };
		2198471D2A609DD500B3D031 /* HomeView.swift */ = {isa = PBXFileReference; lastKnownFileType = sourcecode.swift; path = HomeView.swift; sourceTree = "<group>"; };
		219847212A609FB400B3D031 /* CircleButtonView.swift */ = {isa = PBXFileReference; lastKnownFileType = sourcecode.swift; path = CircleButtonView.swift; sourceTree = "<group>"; };
		219847232A60A65300B3D031 /* CircleButtonAnimationView.swift */ = {isa = PBXFileReference; lastKnownFileType = sourcecode.swift; path = CircleButtonAnimationView.swift; sourceTree = "<group>"; };
		21984A6A2A69FD9A00FC6F0A /* Double.swift */ = {isa = PBXFileReference; lastKnownFileType = sourcecode.swift; path = Double.swift; sourceTree = "<group>"; };
		219862522A6DEB9200713554 /* HomeViewModel.swift */ = {isa = PBXFileReference; lastKnownFileType = sourcecode.swift; path = HomeViewModel.swift; sourceTree = "<group>"; };
		219F4D5B2A62152E00CC3406 /* CoinModel.swift */ = {isa = PBXFileReference; lastKnownFileType = sourcecode.swift; path = CoinModel.swift; sourceTree = "<group>"; };
		21C2F2212A71E26600F4161A /* NetworkingManager.swift */ = {isa = PBXFileReference; lastKnownFileType = sourcecode.swift; path = NetworkingManager.swift; sourceTree = "<group>"; };
		21D2FF522A68A67F00871195 /* CoinRowView.swift */ = {isa = PBXFileReference; lastKnownFileType = sourcecode.swift; path = CoinRowView.swift; sourceTree = "<group>"; };
		21D2FF542A68A70E00871195 /* PreviewProvider.swift */ = {isa = PBXFileReference; lastKnownFileType = sourcecode.swift; path = PreviewProvider.swift; sourceTree = "<group>"; };
/* End PBXFileReference section */

/* Begin PBXFrameworksBuildPhase section */
		219847022A60907500B3D031 /* Frameworks */ = {
			isa = PBXFrameworksBuildPhase;
			buildActionMask = 2147483647;
			files = (
			);
			runOnlyForDeploymentPostprocessing = 0;
		};
/* End PBXFrameworksBuildPhase section */

/* Begin PBXGroup section */
		2197BD472A705DF200EA8F8E /* Services */ = {
			isa = PBXGroup;
			children = (
				2197BD482A705E3400EA8F8E /* CoinDataService.swift */,
			);
			path = Services;
			sourceTree = "<group>";
		};
		219846FC2A60907500B3D031 = {
			isa = PBXGroup;
			children = (
				219847072A60907500B3D031 /* CryptoInfo */,
				219847062A60907500B3D031 /* Products */,
			);
			sourceTree = "<group>";
		};
		219847062A60907500B3D031 /* Products */ = {
			isa = PBXGroup;
			children = (
				219847052A60907500B3D031 /* CryptoInfo.app */,
			);
			name = Products;
			sourceTree = "<group>";
		};
		219847072A60907500B3D031 /* CryptoInfo */ = {
			isa = PBXGroup;
			children = (
				21C2F2202A71E23C00F4161A /* Utilities */,
				219F4D5A2A62150000CC3406 /* Models */,
				2197BD472A705DF200EA8F8E /* Services */,
				219847192A609D8100B3D031 /* Core */,
				219847162A6097A700B3D031 /* Extensions */,
				219847082A60907500B3D031 /* CryptoInfoApp.swift */,
				2198470A2A60907500B3D031 /* ContentView.swift */,
				2198470C2A60907600B3D031 /* Assets.xcassets */,
				2198470E2A60907600B3D031 /* Preview Content */,
			);
			path = CryptoInfo;
			sourceTree = "<group>";
		};
		2198470E2A60907600B3D031 /* Preview Content */ = {
			isa = PBXGroup;
			children = (
				2198470F2A60907600B3D031 /* Preview Assets.xcassets */,
			);
			path = "Preview Content";
			sourceTree = "<group>";
		};
		219847162A6097A700B3D031 /* Extensions */ = {
			isa = PBXGroup;
			children = (
				219847172A6097E300B3D031 /* Color.swift */,
				21D2FF542A68A70E00871195 /* PreviewProvider.swift */,
				21984A6A2A69FD9A00FC6F0A /* Double.swift */,
			);
			path = Extensions;
			sourceTree = "<group>";
		};
		219847192A609D8100B3D031 /* Core */ = {
			isa = PBXGroup;
			children = (
				2198471F2A609F8000B3D031 /* Components */,
				2198471A2A609D8900B3D031 /* Home */,
			);
			path = Core;
			sourceTree = "<group>";
		};
		2198471A2A609D8900B3D031 /* Home */ = {
			isa = PBXGroup;
			children = (
				2198471C2A609D9D00B3D031 /* ViewModels */,
				2198471B2A609D9100B3D031 /* Views */,
			);
			path = Home;
			sourceTree = "<group>";
		};
		2198471B2A609D9100B3D031 /* Views */ = {
			isa = PBXGroup;
			children = (
				2198471D2A609DD500B3D031 /* HomeView.swift */,
				21D2FF522A68A67F00871195 /* CoinRowView.swift */,
			);
			path = Views;
			sourceTree = "<group>";
		};
		2198471C2A609D9D00B3D031 /* ViewModels */ = {
			isa = PBXGroup;
			children = (
				219862522A6DEB9200713554 /* HomeViewModel.swift */,
			);
			path = ViewModels;
			sourceTree = "<group>";
		};
		2198471F2A609F8000B3D031 /* Components */ = {
			isa = PBXGroup;
			children = (
				219847202A609F8D00B3D031 /* CircleButton */,
			);
			path = Components;
			sourceTree = "<group>";
		};
		219847202A609F8D00B3D031 /* CircleButton */ = {
			isa = PBXGroup;
			children = (
				219847212A609FB400B3D031 /* CircleButtonView.swift */,
				219847232A60A65300B3D031 /* CircleButtonAnimationView.swift */,
			);
			path = CircleButton;
			sourceTree = "<group>";
		};
		219F4D5A2A62150000CC3406 /* Models */ = {
			isa = PBXGroup;
			children = (
				219F4D5B2A62152E00CC3406 /* CoinModel.swift */,
			);
			path = Models;
			sourceTree = "<group>";
		};
		21C2F2202A71E23C00F4161A /* Utilities */ = {
			isa = PBXGroup;
			children = (
				21C2F2212A71E26600F4161A /* NetworkingManager.swift */,
			);
			path = Utilities;
			sourceTree = "<group>";
		};
/* End PBXGroup section */

/* Begin PBXNativeTarget section */
		219847042A60907500B3D031 /* CryptoInfo */ = {
			isa = PBXNativeTarget;
			buildConfigurationList = 219847132A60907600B3D031 /* Build configuration list for PBXNativeTarget "CryptoInfo" */;
			buildPhases = (
				219847012A60907500B3D031 /* Sources */,
				219847022A60907500B3D031 /* Frameworks */,
				219847032A60907500B3D031 /* Resources */,
			);
			buildRules = (
			);
			dependencies = (
			);
			name = CryptoInfo;
			productName = CryptoInfo;
			productReference = 219847052A60907500B3D031 /* CryptoInfo.app */;
			productType = "com.apple.product-type.application";
		};
/* End PBXNativeTarget section */

/* Begin PBXProject section */
		219846FD2A60907500B3D031 /* Project object */ = {
			isa = PBXProject;
			attributes = {
				BuildIndependentTargetsInParallel = 1;
				LastSwiftUpdateCheck = 1430;
				LastUpgradeCheck = 1430;
				TargetAttributes = {
					219847042A60907500B3D031 = {
						CreatedOnToolsVersion = 14.3.1;
					};
				};
			};
			buildConfigurationList = 219847002A60907500B3D031 /* Build configuration list for PBXProject "CryptoInfo" */;
			compatibilityVersion = "Xcode 14.0";
			developmentRegion = en;
			hasScannedForEncodings = 0;
			knownRegions = (
				en,
				Base,
			);
			mainGroup = 219846FC2A60907500B3D031;
			productRefGroup = 219847062A60907500B3D031 /* Products */;
			projectDirPath = "";
			projectRoot = "";
			targets = (
				219847042A60907500B3D031 /* CryptoInfo */,
			);
		};
/* End PBXProject section */

/* Begin PBXResourcesBuildPhase section */
		219847032A60907500B3D031 /* Resources */ = {
			isa = PBXResourcesBuildPhase;
			buildActionMask = 2147483647;
			files = (
				219847102A60907600B3D031 /* Preview Assets.xcassets in Resources */,
				2198470D2A60907600B3D031 /* Assets.xcassets in Resources */,
			);
			runOnlyForDeploymentPostprocessing = 0;
		};
/* End PBXResourcesBuildPhase section */

/* Begin PBXSourcesBuildPhase section */
		219847012A60907500B3D031 /* Sources */ = {
			isa = PBXSourcesBuildPhase;
			buildActionMask = 2147483647;
			files = (
				2197BD492A705E3400EA8F8E /* CoinDataService.swift in Sources */,
				21D2FF532A68A67F00871195 /* CoinRowView.swift in Sources */,
				219862532A6DEB9200713554 /* HomeViewModel.swift in Sources */,
				2198470B2A60907500B3D031 /* ContentView.swift in Sources */,
				2198471E2A609DD500B3D031 /* HomeView.swift in Sources */,
				219847092A60907500B3D031 /* CryptoInfoApp.swift in Sources */,
				219847222A609FB400B3D031 /* CircleButtonView.swift in Sources */,
				219847182A6097E300B3D031 /* Color.swift in Sources */,
				21C2F2222A71E26600F4161A /* NetworkingManager.swift in Sources */,
				219847242A60A65300B3D031 /* CircleButtonAnimationView.swift in Sources */,
				21D2FF552A68A70E00871195 /* PreviewProvider.swift in Sources */,
				21984A6B2A69FD9A00FC6F0A /* Double.swift in Sources */,
				219F4D5C2A62152E00CC3406 /* CoinModel.swift in Sources */,
			);
			runOnlyForDeploymentPostprocessing = 0;
		};
/* End PBXSourcesBuildPhase section */

/* Begin XCBuildConfiguration section */
		219847112A60907600B3D031 /* Debug */ = {
			isa = XCBuildConfiguration;
			buildSettings = {
				ALWAYS_SEARCH_USER_PATHS = NO;
				CLANG_ANALYZER_NONNULL = YES;
				CLANG_ANALYZER_NUMBER_OBJECT_CONVERSION = YES_AGGRESSIVE;
				CLANG_CXX_LANGUAGE_STANDARD = "gnu++20";
				CLANG_ENABLE_MODULES = YES;
				CLANG_ENABLE_OBJC_ARC = YES;
				CLANG_ENABLE_OBJC_WEAK = YES;
				CLANG_WARN_BLOCK_CAPTURE_AUTORELEASING = YES;
				CLANG_WARN_BOOL_CONVERSION = YES;
				CLANG_WARN_COMMA = YES;
				CLANG_WARN_CONSTANT_CONVERSION = YES;
				CLANG_WARN_DEPRECATED_OBJC_IMPLEMENTATIONS = YES;
				CLANG_WARN_DIRECT_OBJC_ISA_USAGE = YES_ERROR;
				CLANG_WARN_DOCUMENTATION_COMMENTS = YES;
				CLANG_WARN_EMPTY_BODY = YES;
				CLANG_WARN_ENUM_CONVERSION = YES;
				CLANG_WARN_INFINITE_RECURSION = YES;
				CLANG_WARN_INT_CONVERSION = YES;
				CLANG_WARN_NON_LITERAL_NULL_CONVERSION = YES;
				CLANG_WARN_OBJC_IMPLICIT_RETAIN_SELF = YES;
				CLANG_WARN_OBJC_LITERAL_CONVERSION = YES;
				CLANG_WARN_OBJC_ROOT_CLASS = YES_ERROR;
				CLANG_WARN_QUOTED_INCLUDE_IN_FRAMEWORK_HEADER = YES;
				CLANG_WARN_RANGE_LOOP_ANALYSIS = YES;
				CLANG_WARN_STRICT_PROTOTYPES = YES;
				CLANG_WARN_SUSPICIOUS_MOVE = YES;
				CLANG_WARN_UNGUARDED_AVAILABILITY = YES_AGGRESSIVE;
				CLANG_WARN_UNREACHABLE_CODE = YES;
				CLANG_WARN__DUPLICATE_METHOD_MATCH = YES;
				COPY_PHASE_STRIP = NO;
				DEBUG_INFORMATION_FORMAT = dwarf;
				ENABLE_STRICT_OBJC_MSGSEND = YES;
				ENABLE_TESTABILITY = YES;
				GCC_C_LANGUAGE_STANDARD = gnu11;
				GCC_DYNAMIC_NO_PIC = NO;
				GCC_NO_COMMON_BLOCKS = YES;
				GCC_OPTIMIZATION_LEVEL = 0;
				GCC_PREPROCESSOR_DEFINITIONS = (
					"DEBUG=1",
					"$(inherited)",
				);
				GCC_WARN_64_TO_32_BIT_CONVERSION = YES;
				GCC_WARN_ABOUT_RETURN_TYPE = YES_ERROR;
				GCC_WARN_UNDECLARED_SELECTOR = YES;
				GCC_WARN_UNINITIALIZED_AUTOS = YES_AGGRESSIVE;
				GCC_WARN_UNUSED_FUNCTION = YES;
				GCC_WARN_UNUSED_VARIABLE = YES;
				IPHONEOS_DEPLOYMENT_TARGET = 16.4;
				MTL_ENABLE_DEBUG_INFO = INCLUDE_SOURCE;
				MTL_FAST_MATH = YES;
				ONLY_ACTIVE_ARCH = YES;
				SDKROOT = iphoneos;
				SWIFT_ACTIVE_COMPILATION_CONDITIONS = DEBUG;
				SWIFT_OPTIMIZATION_LEVEL = "-Onone";
			};
			name = Debug;
		};
		219847122A60907600B3D031 /* Release */ = {
			isa = XCBuildConfiguration;
			buildSettings = {
				ALWAYS_SEARCH_USER_PATHS = NO;
				CLANG_ANALYZER_NONNULL = YES;
				CLANG_ANALYZER_NUMBER_OBJECT_CONVERSION = YES_AGGRESSIVE;
				CLANG_CXX_LANGUAGE_STANDARD = "gnu++20";
				CLANG_ENABLE_MODULES = YES;
				CLANG_ENABLE_OBJC_ARC = YES;
				CLANG_ENABLE_OBJC_WEAK = YES;
				CLANG_WARN_BLOCK_CAPTURE_AUTORELEASING = YES;
				CLANG_WARN_BOOL_CONVERSION = YES;
				CLANG_WARN_COMMA = YES;
				CLANG_WARN_CONSTANT_CONVERSION = YES;
				CLANG_WARN_DEPRECATED_OBJC_IMPLEMENTATIONS = YES;
				CLANG_WARN_DIRECT_OBJC_ISA_USAGE = YES_ERROR;
				CLANG_WARN_DOCUMENTATION_COMMENTS = YES;
				CLANG_WARN_EMPTY_BODY = YES;
				CLANG_WARN_ENUM_CONVERSION = YES;
				CLANG_WARN_INFINITE_RECURSION = YES;
				CLANG_WARN_INT_CONVERSION = YES;
				CLANG_WARN_NON_LITERAL_NULL_CONVERSION = YES;
				CLANG_WARN_OBJC_IMPLICIT_RETAIN_SELF = YES;
				CLANG_WARN_OBJC_LITERAL_CONVERSION = YES;
				CLANG_WARN_OBJC_ROOT_CLASS = YES_ERROR;
				CLANG_WARN_QUOTED_INCLUDE_IN_FRAMEWORK_HEADER = YES;
				CLANG_WARN_RANGE_LOOP_ANALYSIS = YES;
				CLANG_WARN_STRICT_PROTOTYPES = YES;
				CLANG_WARN_SUSPICIOUS_MOVE = YES;
				CLANG_WARN_UNGUARDED_AVAILABILITY = YES_AGGRESSIVE;
				CLANG_WARN_UNREACHABLE_CODE = YES;
				CLANG_WARN__DUPLICATE_METHOD_MATCH = YES;
				COPY_PHASE_STRIP = NO;
				DEBUG_INFORMATION_FORMAT = "dwarf-with-dsym";
				ENABLE_NS_ASSERTIONS = NO;
				ENABLE_STRICT_OBJC_MSGSEND = YES;
				GCC_C_LANGUAGE_STANDARD = gnu11;
				GCC_NO_COMMON_BLOCKS = YES;
				GCC_WARN_64_TO_32_BIT_CONVERSION = YES;
				GCC_WARN_ABOUT_RETURN_TYPE = YES_ERROR;
				GCC_WARN_UNDECLARED_SELECTOR = YES;
				GCC_WARN_UNINITIALIZED_AUTOS = YES_AGGRESSIVE;
				GCC_WARN_UNUSED_FUNCTION = YES;
				GCC_WARN_UNUSED_VARIABLE = YES;
				IPHONEOS_DEPLOYMENT_TARGET = 16.4;
				MTL_ENABLE_DEBUG_INFO = NO;
				MTL_FAST_MATH = YES;
				SDKROOT = iphoneos;
				SWIFT_COMPILATION_MODE = wholemodule;
				SWIFT_OPTIMIZATION_LEVEL = "-O";
				VALIDATE_PRODUCT = YES;
			};
			name = Release;
		};
		219847142A60907600B3D031 /* Debug */ = {
			isa = XCBuildConfiguration;
			buildSettings = {
				ASSETCATALOG_COMPILER_APPICON_NAME = AppIcon;
				ASSETCATALOG_COMPILER_GLOBAL_ACCENT_COLOR_NAME = AccentColor;
				CODE_SIGN_STYLE = Automatic;
				CURRENT_PROJECT_VERSION = 1;
				DEVELOPMENT_ASSET_PATHS = "\"CryptoInfo/Preview Content\"";
				DEVELOPMENT_TEAM = HU73YD5J6R;
				ENABLE_PREVIEWS = YES;
				GENERATE_INFOPLIST_FILE = YES;
				INFOPLIST_KEY_CFBundleDisplayName = "Crypto Info";
				INFOPLIST_KEY_UIApplicationSceneManifest_Generation = YES;
				INFOPLIST_KEY_UIApplicationSupportsIndirectInputEvents = YES;
				INFOPLIST_KEY_UILaunchScreen_Generation = YES;
				INFOPLIST_KEY_UISupportedInterfaceOrientations = UIInterfaceOrientationPortrait;
				LD_RUNPATH_SEARCH_PATHS = (
					"$(inherited)",
					"@executable_path/Frameworks",
				);
				MARKETING_VERSION = 1.0;
				PRODUCT_BUNDLE_IDENTIFIER = com.mdsrmed.CryptoInfo;
				PRODUCT_NAME = "$(TARGET_NAME)";
				SWIFT_EMIT_LOC_STRINGS = YES;
				SWIFT_VERSION = 5.0;
				TARGETED_DEVICE_FAMILY = "1,2";
			};
			name = Debug;
		};
		219847152A60907600B3D031 /* Release */ = {
			isa = XCBuildConfiguration;
			buildSettings = {
				ASSETCATALOG_COMPILER_APPICON_NAME = AppIcon;
				ASSETCATALOG_COMPILER_GLOBAL_ACCENT_COLOR_NAME = AccentColor;
				CODE_SIGN_STYLE = Automatic;
				CURRENT_PROJECT_VERSION = 1;
				DEVELOPMENT_ASSET_PATHS = "\"CryptoInfo/Preview Content\"";
				DEVELOPMENT_TEAM = HU73YD5J6R;
				ENABLE_PREVIEWS = YES;
				GENERATE_INFOPLIST_FILE = YES;
				INFOPLIST_KEY_CFBundleDisplayName = "Crypto Info";
				INFOPLIST_KEY_UIApplicationSceneManifest_Generation = YES;
				INFOPLIST_KEY_UIApplicationSupportsIndirectInputEvents = YES;
				INFOPLIST_KEY_UILaunchScreen_Generation = YES;
				INFOPLIST_KEY_UISupportedInterfaceOrientations = UIInterfaceOrientationPortrait;
				LD_RUNPATH_SEARCH_PATHS = (
					"$(inherited)",
					"@executable_path/Frameworks",
				);
				MARKETING_VERSION = 1.0;
				PRODUCT_BUNDLE_IDENTIFIER = com.mdsrmed.CryptoInfo;
				PRODUCT_NAME = "$(TARGET_NAME)";
				SWIFT_EMIT_LOC_STRINGS = YES;
				SWIFT_VERSION = 5.0;
				TARGETED_DEVICE_FAMILY = "1,2";
			};
			name = Release;
		};
/* End XCBuildConfiguration section */

/* Begin XCConfigurationList section */
		219847002A60907500B3D031 /* Build configuration list for PBXProject "CryptoInfo" */ = {
			isa = XCConfigurationList;
			buildConfigurations = (
				219847112A60907600B3D031 /* Debug */,
				219847122A60907600B3D031 /* Release */,
			);
			defaultConfigurationIsVisible = 0;
			defaultConfigurationName = Release;
		};
		219847132A60907600B3D031 /* Build configuration list for PBXNativeTarget "CryptoInfo" */ = {
			isa = XCConfigurationList;
			buildConfigurations = (
				219847142A60907600B3D031 /* Debug */,
				219847152A60907600B3D031 /* Release */,
			);
			defaultConfigurationIsVisible = 0;
			defaultConfigurationName = Release;
		};
/* End XCConfigurationList section */
	};
	rootObject = 219846FD2A60907500B3D031 /* Project object */;
}
