// !$*UTF8*$!
{
	archiveVersion = 1;
	classes = {
	};
	objectVersion = 56;
	objects = {

/* Begin PBXBuildFile section */
		218F33BD2A7D8DDF00EB96F9 /* PortfolioContainer.xcdatamodeld in Sources */ = {isa = PBXBuildFile; fileRef = 218F33BB2A7D8DDF00EB96F9 /* PortfolioContainer.xcdatamodeld */; };
		218F33BF2A7D8EB300EB96F9 /* PortfolioDataService.swift in Sources */ = {isa = PBXBuildFile; fileRef = 218F33BE2A7D8EB300EB96F9 /* PortfolioDataService.swift */; };
		21936B162A805C8F00CB60A1 /* DetailView.swift in Sources */ = {isa = PBXBuildFile; fileRef = 21936B152A805C8F00CB60A1 /* DetailView.swift */; };
		219459842A7B054A0001247E /* PortfolioView.swift in Sources */ = {isa = PBXBuildFile; fileRef = 219459832A7B054A0001247E /* PortfolioView.swift */; };
		219459862A7B09B40001247E /* XMarkButton.swift in Sources */ = {isa = PBXBuildFile; fileRef = 219459852A7B09B40001247E /* XMarkButton.swift */; };
		219459882A7B0BF80001247E /* CoinLogoView.swift in Sources */ = {isa = PBXBuildFile; fileRef = 219459872A7B0BF80001247E /* CoinLogoView.swift */; };
		2197BD492A705E3400EA8F8E /* CoinDataService.swift in Sources */ = {isa = PBXBuildFile; fileRef = 2197BD482A705E3400EA8F8E /* CoinDataService.swift */; };
		219847092A60907500B3D031 /* CryptoInfoApp.swift in Sources */ = {isa = PBXBuildFile; fileRef = 219847082A60907500B3D031 /* CryptoInfoApp.swift */; };
		2198470B2A60907500B3D031 /* ContentView.swift in Sources */ = {isa = PBXBuildFile; fileRef = 2198470A2A60907500B3D031 /* ContentView.swift */; };
		2198470D2A60907600B3D031 /* Assets.xcassets in Resources */ = {isa = PBXBuildFile; fileRef = 2198470C2A60907600B3D031 /* Assets.xcassets */; };
		219847102A60907600B3D031 /* Preview Assets.xcassets in Resources */ = {isa = PBXBuildFile; fileRef = 2198470F2A60907600B3D031 /* Preview Assets.xcassets */; };
		219847182A6097E300B3D031 /* Color.swift in Sources */ = {isa = PBXBuildFile; fileRef = 219847172A6097E300B3D031 /* Color.swift */; };
		2198471E2A609DD500B3D031 /* HomeView.swift in Sources */ = {isa = PBXBuildFile; fileRef = 2198471D2A609DD500B3D031 /* HomeView.swift */; };
		219847222A609FB400B3D031 /* CircleButtonView.swift in Sources */ = {isa = PBXBuildFile; fileRef = 219847212A609FB400B3D031 /* CircleButtonView.swift */; };
		219847242A60A65300B3D031 /* CircleButtonAnimationView.swift in Sources */ = {isa = PBXBuildFile; fileRef = 219847232A60A65300B3D031 /* CircleButtonAnimationView.swift */; };
		21984A6B2A69FD9A00FC6F0A /* Double.swift in Sources */ = {isa = PBXBuildFile; fileRef = 21984A6A2A69FD9A00FC6F0A /* Double.swift */; };
		219862532A6DEB9200713554 /* HomeViewModel.swift in Sources */ = {isa = PBXBuildFile; fileRef = 219862522A6DEB9200713554 /* HomeViewModel.swift */; };
		219A91D82A784FD10057C625 /* StatisticModel.swift in Sources */ = {isa = PBXBuildFile; fileRef = 219A91D72A784FD10057C625 /* StatisticModel.swift */; };
		219A91DA2A7851F00057C625 /* StatisticView.swift in Sources */ = {isa = PBXBuildFile; fileRef = 219A91D92A7851F00057C625 /* StatisticView.swift */; };
		219A91DC2A7857720057C625 /* HomeStatsView.swift in Sources */ = {isa = PBXBuildFile; fileRef = 219A91DB2A7857720057C625 /* HomeStatsView.swift */; };
		219AF3392A74524B0015935B /* LocalFileManager.swift in Sources */ = {isa = PBXBuildFile; fileRef = 219AF3382A74524B0015935B /* LocalFileManager.swift */; };
		219CF4712A7EF54500856ACD /* HapticManager.swift in Sources */ = {isa = PBXBuildFile; fileRef = 219CF4702A7EF54500856ACD /* HapticManager.swift */; };
		219F4D5C2A62152E00CC3406 /* CoinModel.swift in Sources */ = {isa = PBXBuildFile; fileRef = 219F4D5B2A62152E00CC3406 /* CoinModel.swift */; };
		21AB86972A8ADA14004D658B /* String.swift in Sources */ = {isa = PBXBuildFile; fileRef = 21AB86962A8ADA14004D658B /* String.swift */; };
		21ACF4EC2A799B5400064211 /* MarketDataModel.swift in Sources */ = {isa = PBXBuildFile; fileRef = 21ACF4EB2A799B5400064211 /* MarketDataModel.swift */; };
		21ACF4EE2A79A13C00064211 /* MarketDataService.swift in Sources */ = {isa = PBXBuildFile; fileRef = 21ACF4ED2A79A13C00064211 /* MarketDataService.swift */; };
		21AECF6D2A8987260081ECA5 /* ChartView.swift in Sources */ = {isa = PBXBuildFile; fileRef = 21AECF6C2A8987260081ECA5 /* ChartView.swift */; };
		21AECF6F2A89930E0081ECA5 /* Date.swift in Sources */ = {isa = PBXBuildFile; fileRef = 21AECF6E2A89930E0081ECA5 /* Date.swift */; };
		21C2F2222A71E26600F4161A /* NetworkingManager.swift in Sources */ = {isa = PBXBuildFile; fileRef = 21C2F2212A71E26600F4161A /* NetworkingManager.swift */; };
		21C486B22A75D0B000E908F8 /* SearchBarView.swift in Sources */ = {isa = PBXBuildFile; fileRef = 21C486B12A75D0B000E908F8 /* SearchBarView.swift */; };
		21C486B42A75D7FD00E908F8 /* UIApplication.swift in Sources */ = {isa = PBXBuildFile; fileRef = 21C486B32A75D7FD00E908F8 /* UIApplication.swift */; };
		21CF83EF2A730A61005186FB /* CoinImageView.swift in Sources */ = {isa = PBXBuildFile; fileRef = 21CF83EE2A730A61005186FB /* CoinImageView.swift */; };
		21CF83F22A730D66005186FB /* CoinImageService.swift in Sources */ = {isa = PBXBuildFile; fileRef = 21CF83F12A730D66005186FB /* CoinImageService.swift */; };
		21CF83F42A73100A005186FB /* CoinImageViewModel.swift in Sources */ = {isa = PBXBuildFile; fileRef = 21CF83F32A73100A005186FB /* CoinImageViewModel.swift */; };
		21D2FF532A68A67F00871195 /* CoinRowView.swift in Sources */ = {isa = PBXBuildFile; fileRef = 21D2FF522A68A67F00871195 /* CoinRowView.swift */; };
		21D2FF552A68A70E00871195 /* PreviewProvider.swift in Sources */ = {isa = PBXBuildFile; fileRef = 21D2FF542A68A70E00871195 /* PreviewProvider.swift */; };
		21D96ABE2A8188830006D194 /* CoinDetailModel.swift in Sources */ = {isa = PBXBuildFile; fileRef = 21D96ABD2A8188830006D194 /* CoinDetailModel.swift */; };
		21D96AC02A818FCE0006D194 /* DetailViewModel.swift in Sources */ = {isa = PBXBuildFile; fileRef = 21D96ABF2A818FCE0006D194 /* DetailViewModel.swift */; };
		21D96AC22A8190150006D194 /* CoinDetailDataService.swift in Sources */ = {isa = PBXBuildFile; fileRef = 21D96AC12A8190150006D194 /* CoinDetailDataService.swift */; };
/* End PBXBuildFile section */

/* Begin PBXFileReference section */
		218F33BC2A7D8DDF00EB96F9 /* PortfolioContainer.xcdatamodel */ = {isa = PBXFileReference; lastKnownFileType = wrapper.xcdatamodel; path = PortfolioContainer.xcdatamodel; sourceTree = "<group>"; };
		218F33BE2A7D8EB300EB96F9 /* PortfolioDataService.swift */ = {isa = PBXFileReference; lastKnownFileType = sourcecode.swift; path = PortfolioDataService.swift; sourceTree = "<group>"; };
		21936B152A805C8F00CB60A1 /* DetailView.swift */ = {isa = PBXFileReference; lastKnownFileType = sourcecode.swift; path = DetailView.swift; sourceTree = "<group>"; };
		219459832A7B054A0001247E /* PortfolioView.swift */ = {isa = PBXFileReference; lastKnownFileType = sourcecode.swift; path = PortfolioView.swift; sourceTree = "<group>"; };
		219459852A7B09B40001247E /* XMarkButton.swift */ = {isa = PBXFileReference; lastKnownFileType = sourcecode.swift; path = XMarkButton.swift; sourceTree = "<group>"; };
		219459872A7B0BF80001247E /* CoinLogoView.swift */ = {isa = PBXFileReference; lastKnownFileType = sourcecode.swift; path = CoinLogoView.swift; sourceTree = "<group>"; };
		2197BD482A705E3400EA8F8E /* CoinDataService.swift */ = {isa = PBXFileReference; lastKnownFileType = sourcecode.swift; path = CoinDataService.swift; sourceTree = "<group>"; };
		219847052A60907500B3D031 /* CryptoInfo.app */ = {isa = PBXFileReference; explicitFileType = wrapper.application; includeInIndex = 0; path = CryptoInfo.app; sourceTree = BUILT_PRODUCTS_DIR; };
		219847082A60907500B3D031 /* CryptoInfoApp.swift */ = {isa = PBXFileReference; lastKnownFileType = sourcecode.swift; path = CryptoInfoApp.swift; sourceTree = "<group>"; };
		2198470A2A60907500B3D031 /* ContentView.swift */ = {isa = PBXFileReference; lastKnownFileType = sourcecode.swift; path = ContentView.swift; sourceTree = "<group>"; };
		2198470C2A60907600B3D031 /* Assets.xcassets */ = {isa = PBXFileReference; lastKnownFileType = folder.assetcatalog; path = Assets.xcassets; sourceTree = "<group>"; };
		2198470F2A60907600B3D031 /* Preview Assets.xcassets */ = {isa = PBXFileReference; lastKnownFileType = folder.assetcatalog; path = "Preview Assets.xcassets"; sourceTree = "<group>"; };
		219847172A6097E300B3D031 /* Color.swift */ = {isa = PBXFileReference; lastKnownFileType = sourcecode.swift; path = Color.swift; sourceTree = "<group>"; };
		2198471D2A609DD500B3D031 /* HomeView.swift */ = {isa = PBXFileReference; lastKnownFileType = sourcecode.swift; path = HomeView.swift; sourceTree = "<group>"; };
		219847212A609FB400B3D031 /* CircleButtonView.swift */ = {isa = PBXFileReference; lastKnownFileType = sourcecode.swift; path = CircleButtonView.swift; sourceTree = "<group>"; };
		219847232A60A65300B3D031 /* CircleButtonAnimationView.swift */ = {isa = PBXFileReference; lastKnownFileType = sourcecode.swift; path = CircleButtonAnimationView.swift; sourceTree = "<group>"; };
		21984A6A2A69FD9A00FC6F0A /* Double.swift */ = {isa = PBXFileReference; lastKnownFileType = sourcecode.swift; path = Double.swift; sourceTree = "<group>"; };
		219862522A6DEB9200713554 /* HomeViewModel.swift */ = {isa = PBXFileReference; lastKnownFileType = sourcecode.swift; path = HomeViewModel.swift; sourceTree = "<group>"; };
		219A91D72A784FD10057C625 /* StatisticModel.swift */ = {isa = PBXFileReference; lastKnownFileType = sourcecode.swift; path = StatisticModel.swift; sourceTree = "<group>"; };
		219A91D92A7851F00057C625 /* StatisticView.swift */ = {isa = PBXFileReference; lastKnownFileType = sourcecode.swift; path = StatisticView.swift; sourceTree = "<group>"; };
		219A91DB2A7857720057C625 /* HomeStatsView.swift */ = {isa = PBXFileReference; lastKnownFileType = sourcecode.swift; path = HomeStatsView.swift; sourceTree = "<group>"; };
		219AF3382A74524B0015935B /* LocalFileManager.swift */ = {isa = PBXFileReference; lastKnownFileType = sourcecode.swift; path = LocalFileManager.swift; sourceTree = "<group>"; };
		219CF4702A7EF54500856ACD /* HapticManager.swift */ = {isa = PBXFileReference; lastKnownFileType = sourcecode.swift; path = HapticManager.swift; sourceTree = "<group>"; };
		219F4D5B2A62152E00CC3406 /* CoinModel.swift */ = {isa = PBXFileReference; lastKnownFileType = sourcecode.swift; path = CoinModel.swift; sourceTree = "<group>"; };
		21AB86962A8ADA14004D658B /* String.swift */ = {isa = PBXFileReference; lastKnownFileType = sourcecode.swift; path = String.swift; sourceTree = "<group>"; };
		21ACF4EB2A799B5400064211 /* MarketDataModel.swift */ = {isa = PBXFileReference; lastKnownFileType = sourcecode.swift; path = MarketDataModel.swift; sourceTree = "<group>"; };
		21ACF4ED2A79A13C00064211 /* MarketDataService.swift */ = {isa = PBXFileReference; lastKnownFileType = sourcecode.swift; path = MarketDataService.swift; sourceTree = "<group>"; };
		21AECF6C2A8987260081ECA5 /* ChartView.swift */ = {isa = PBXFileReference; lastKnownFileType = sourcecode.swift; path = ChartView.swift; sourceTree = "<group>"; };
		21AECF6E2A89930E0081ECA5 /* Date.swift */ = {isa = PBXFileReference; lastKnownFileType = sourcecode.swift; path = Date.swift; sourceTree = "<group>"; };
		21C2F2212A71E26600F4161A /* NetworkingManager.swift */ = {isa = PBXFileReference; lastKnownFileType = sourcecode.swift; path = NetworkingManager.swift; sourceTree = "<group>"; };
		21C486B12A75D0B000E908F8 /* SearchBarView.swift */ = {isa = PBXFileReference; lastKnownFileType = sourcecode.swift; path = SearchBarView.swift; sourceTree = "<group>"; };
		21C486B32A75D7FD00E908F8 /* UIApplication.swift */ = {isa = PBXFileReference; lastKnownFileType = sourcecode.swift; path = UIApplication.swift; sourceTree = "<group>"; };
		21CF83EE2A730A61005186FB /* CoinImageView.swift */ = {isa = PBXFileReference; lastKnownFileType = sourcecode.swift; path = CoinImageView.swift; sourceTree = "<group>"; };
		21CF83F12A730D66005186FB /* CoinImageService.swift */ = {isa = PBXFileReference; lastKnownFileType = sourcecode.swift; path = CoinImageService.swift; sourceTree = "<group>"; };
		21CF83F32A73100A005186FB /* CoinImageViewModel.swift */ = {isa = PBXFileReference; lastKnownFileType = sourcecode.swift; path = CoinImageViewModel.swift; sourceTree = "<group>"; };
		21D2FF522A68A67F00871195 /* CoinRowView.swift */ = {isa = PBXFileReference; lastKnownFileType = sourcecode.swift; path = CoinRowView.swift; sourceTree = "<group>"; };
		21D2FF542A68A70E00871195 /* PreviewProvider.swift */ = {isa = PBXFileReference; lastKnownFileType = sourcecode.swift; path = PreviewProvider.swift; sourceTree = "<group>"; };
		21D96ABD2A8188830006D194 /* CoinDetailModel.swift */ = {isa = PBXFileReference; lastKnownFileType = sourcecode.swift; path = CoinDetailModel.swift; sourceTree = "<group>"; };
		21D96ABF2A818FCE0006D194 /* DetailViewModel.swift */ = {isa = PBXFileReference; lastKnownFileType = sourcecode.swift; path = DetailViewModel.swift; sourceTree = "<group>"; };
		21D96AC12A8190150006D194 /* CoinDetailDataService.swift */ = {isa = PBXFileReference; lastKnownFileType = sourcecode.swift; path = CoinDetailDataService.swift; sourceTree = "<group>"; };
/* End PBXFileReference section */

/* Begin PBXFrameworksBuildPhase section */
		219847022A60907500B3D031 /* Frameworks */ = {
			isa = PBXFrameworksBuildPhase;
			buildActionMask = 2147483647;
			files = (
			);
			runOnlyForDeploymentPostprocessing = 0;
		};
/* End PBXFrameworksBuildPhase section */

/* Begin PBXGroup section */
		21936B0E2A805BEA00CB60A1 /* Detail */ = {
			isa = PBXGroup;
			children = (
				21936B142A805C4E00CB60A1 /* ViewModel */,
				21936B132A805C4500CB60A1 /* Views */,
			);
			path = Detail;
			sourceTree = "<group>";
		};
		21936B132A805C4500CB60A1 /* Views */ = {
			isa = PBXGroup;
			children = (
				21936B152A805C8F00CB60A1 /* DetailView.swift */,
				21AECF6C2A8987260081ECA5 /* ChartView.swift */,
			);
			path = Views;
			sourceTree = "<group>";
		};
		21936B142A805C4E00CB60A1 /* ViewModel */ = {
			isa = PBXGroup;
			children = (
				21D96ABF2A818FCE0006D194 /* DetailViewModel.swift */,
			);
			path = ViewModel;
			sourceTree = "<group>";
		};
		2197BD472A705DF200EA8F8E /* Services */ = {
			isa = PBXGroup;
			children = (
				2197BD482A705E3400EA8F8E /* CoinDataService.swift */,
				21CF83F12A730D66005186FB /* CoinImageService.swift */,
				21ACF4ED2A79A13C00064211 /* MarketDataService.swift */,
				218F33BE2A7D8EB300EB96F9 /* PortfolioDataService.swift */,
				21D96AC12A8190150006D194 /* CoinDetailDataService.swift */,
			);
			path = Services;
			sourceTree = "<group>";
		};
		219846FC2A60907500B3D031 = {
			isa = PBXGroup;
			children = (
				219847072A60907500B3D031 /* CryptoInfo */,
				219847062A60907500B3D031 /* Products */,
			);
			sourceTree = "<group>";
		};
		219847062A60907500B3D031 /* Products */ = {
			isa = PBXGroup;
			children = (
				219847052A60907500B3D031 /* CryptoInfo.app */,
			);
			name = Products;
			sourceTree = "<group>";
		};
		219847072A60907500B3D031 /* CryptoInfo */ = {
			isa = PBXGroup;
			children = (
				21C2F2202A71E23C00F4161A /* Utilities */,
				219F4D5A2A62150000CC3406 /* Models */,
				2197BD472A705DF200EA8F8E /* Services */,
				219847192A609D8100B3D031 /* Core */,
				219847162A6097A700B3D031 /* Extensions */,
				219847082A60907500B3D031 /* CryptoInfoApp.swift */,
				2198470A2A60907500B3D031 /* ContentView.swift */,
				2198470C2A60907600B3D031 /* Assets.xcassets */,
				2198470E2A60907600B3D031 /* Preview Content */,
			);
			path = CryptoInfo;
			sourceTree = "<group>";
		};
		2198470E2A60907600B3D031 /* Preview Content */ = {
			isa = PBXGroup;
			children = (
				2198470F2A60907600B3D031 /* Preview Assets.xcassets */,
			);
			path = "Preview Content";
			sourceTree = "<group>";
		};
		219847162A6097A700B3D031 /* Extensions */ = {
			isa = PBXGroup;
			children = (
				219847172A6097E300B3D031 /* Color.swift */,
				21D2FF542A68A70E00871195 /* PreviewProvider.swift */,
				21984A6A2A69FD9A00FC6F0A /* Double.swift */,
				21C486B32A75D7FD00E908F8 /* UIApplication.swift */,
				21AECF6E2A89930E0081ECA5 /* Date.swift */,
				21AB86962A8ADA14004D658B /* String.swift */,
			);
			path = Extensions;
			sourceTree = "<group>";
		};
		219847192A609D8100B3D031 /* Core */ = {
			isa = PBXGroup;
			children = (
				21936B0E2A805BEA00CB60A1 /* Detail */,
				2198471F2A609F8000B3D031 /* Components */,
				2198471A2A609D8900B3D031 /* Home */,
			);
			path = Core;
			sourceTree = "<group>";
		};
		2198471A2A609D8900B3D031 /* Home */ = {
			isa = PBXGroup;
			children = (
				2198471C2A609D9D00B3D031 /* ViewModels */,
				2198471B2A609D9100B3D031 /* Views */,
			);
			path = Home;
			sourceTree = "<group>";
		};
		2198471B2A609D9100B3D031 /* Views */ = {
			isa = PBXGroup;
			children = (
				2198471D2A609DD500B3D031 /* HomeView.swift */,
				21D2FF522A68A67F00871195 /* CoinRowView.swift */,
				219A91DB2A7857720057C625 /* HomeStatsView.swift */,
				219459832A7B054A0001247E /* PortfolioView.swift */,
			);
			path = Views;
			sourceTree = "<group>";
		};
		2198471C2A609D9D00B3D031 /* ViewModels */ = {
			isa = PBXGroup;
			children = (
				219862522A6DEB9200713554 /* HomeViewModel.swift */,
			);
			path = ViewModels;
			sourceTree = "<group>";
		};
		2198471F2A609F8000B3D031 /* Components */ = {
			isa = PBXGroup;
			children = (
				21CF83ED2A730A3D005186FB /* CoinImage */,
				219847202A609F8D00B3D031 /* CircleButton */,
				21C486B12A75D0B000E908F8 /* SearchBarView.swift */,
				219A91D92A7851F00057C625 /* StatisticView.swift */,
				219459852A7B09B40001247E /* XMarkButton.swift */,
			);
			path = Components;
			sourceTree = "<group>";
		};
		219847202A609F8D00B3D031 /* CircleButton */ = {
			isa = PBXGroup;
			children = (
				219847212A609FB400B3D031 /* CircleButtonView.swift */,
				219847232A60A65300B3D031 /* CircleButtonAnimationView.swift */,
			);
			path = CircleButton;
			sourceTree = "<group>";
		};
		219F4D5A2A62150000CC3406 /* Models */ = {
			isa = PBXGroup;
			children = (
				219F4D5B2A62152E00CC3406 /* CoinModel.swift */,
				219A91D72A784FD10057C625 /* StatisticModel.swift */,
				21ACF4EB2A799B5400064211 /* MarketDataModel.swift */,
				218F33BB2A7D8DDF00EB96F9 /* PortfolioContainer.xcdatamodeld */,
				21D96ABD2A8188830006D194 /* CoinDetailModel.swift */,
			);
			path = Models;
			sourceTree = "<group>";
		};
		21C2F2202A71E23C00F4161A /* Utilities */ = {
			isa = PBXGroup;
			children = (
				21C2F2212A71E26600F4161A /* NetworkingManager.swift */,
				219AF3382A74524B0015935B /* LocalFileManager.swift */,
				219CF4702A7EF54500856ACD /* HapticManager.swift */,
			);
			path = Utilities;
			sourceTree = "<group>";
		};
		21CF83ED2A730A3D005186FB /* CoinImage */ = {
			isa = PBXGroup;
			children = (
				21CF83EE2A730A61005186FB /* CoinImageView.swift */,
				21CF83F32A73100A005186FB /* CoinImageViewModel.swift */,
				219459872A7B0BF80001247E /* CoinLogoView.swift */,
			);
			path = CoinImage;
			sourceTree = "<group>";
		};
/* End PBXGroup section */

/* Begin PBXNativeTarget section */
		219847042A60907500B3D031 /* CryptoInfo */ = {
			isa = PBXNativeTarget;
			buildConfigurationList = 219847132A60907600B3D031 /* Build configuration list for PBXNativeTarget "CryptoInfo" */;
			buildPhases = (
				219847012A60907500B3D031 /* Sources */,
				219847022A60907500B3D031 /* Frameworks */,
				219847032A60907500B3D031 /* Resources */,
			);
			buildRules = (
			);
			dependencies = (
			);
			name = CryptoInfo;
			productName = CryptoInfo;
			productReference = 219847052A60907500B3D031 /* CryptoInfo.app */;
			productType = "com.apple.product-type.application";
		};
/* End PBXNativeTarget section */

/* Begin PBXProject section */
		219846FD2A60907500B3D031 /* Project object */ = {
			isa = PBXProject;
			attributes = {
				BuildIndependentTargetsInParallel = 1;
				LastSwiftUpdateCheck = 1430;
				LastUpgradeCheck = 1430;
				TargetAttributes = {
					219847042A60907500B3D031 = {
						CreatedOnToolsVersion = 14.3.1;
					};
				};
			};
			buildConfigurationList = 219847002A60907500B3D031 /* Build configuration list for PBXProject "CryptoInfo" */;
			compatibilityVersion = "Xcode 14.0";
			developmentRegion = en;
			hasScannedForEncodings = 0;
			knownRegions = (
				en,
				Base,
			);
			mainGroup = 219846FC2A60907500B3D031;
			productRefGroup = 219847062A60907500B3D031 /* Products */;
			projectDirPath = "";
			projectRoot = "";
			targets = (
				219847042A60907500B3D031 /* CryptoInfo */,
			);
		};
/* End PBXProject section */

/* Begin PBXResourcesBuildPhase section */
		219847032A60907500B3D031 /* Resources */ = {
			isa = PBXResourcesBuildPhase;
			buildActionMask = 2147483647;
			files = (
				219847102A60907600B3D031 /* Preview Assets.xcassets in Resources */,
				2198470D2A60907600B3D031 /* Assets.xcassets in Resources */,
			);
			runOnlyForDeploymentPostprocessing = 0;
		};
/* End PBXResourcesBuildPhase section */

/* Begin PBXSourcesBuildPhase section */
		219847012A60907500B3D031 /* Sources */ = {
			isa = PBXSourcesBuildPhase;
			buildActionMask = 2147483647;
			files = (
				218F33BD2A7D8DDF00EB96F9 /* PortfolioContainer.xcdatamodeld in Sources */,
				219A91D82A784FD10057C625 /* StatisticModel.swift in Sources */,
				2197BD492A705E3400EA8F8E /* CoinDataService.swift in Sources */,
				21AECF6D2A8987260081ECA5 /* ChartView.swift in Sources */,
				21D2FF532A68A67F00871195 /* CoinRowView.swift in Sources */,
				219459862A7B09B40001247E /* XMarkButton.swift in Sources */,
				219862532A6DEB9200713554 /* HomeViewModel.swift in Sources */,
				21AECF6F2A89930E0081ECA5 /* Date.swift in Sources */,
				2198470B2A60907500B3D031 /* ContentView.swift in Sources */,
				219AF3392A74524B0015935B /* LocalFileManager.swift in Sources */,
				21ACF4EC2A799B5400064211 /* MarketDataModel.swift in Sources */,
				2198471E2A609DD500B3D031 /* HomeView.swift in Sources */,
				219A91DA2A7851F00057C625 /* StatisticView.swift in Sources */,
				21CF83EF2A730A61005186FB /* CoinImageView.swift in Sources */,
				219847092A60907500B3D031 /* CryptoInfoApp.swift in Sources */,
				21C486B42A75D7FD00E908F8 /* UIApplication.swift in Sources */,
				219847222A609FB400B3D031 /* CircleButtonView.swift in Sources */,
				219847182A6097E300B3D031 /* Color.swift in Sources */,
				21936B162A805C8F00CB60A1 /* DetailView.swift in Sources */,
				219CF4712A7EF54500856ACD /* HapticManager.swift in Sources */,
				21C486B22A75D0B000E908F8 /* SearchBarView.swift in Sources */,
				21C2F2222A71E26600F4161A /* NetworkingManager.swift in Sources */,
				219459882A7B0BF80001247E /* CoinLogoView.swift in Sources */,
				219A91DC2A7857720057C625 /* HomeStatsView.swift in Sources */,
				21ACF4EE2A79A13C00064211 /* MarketDataService.swift in Sources */,
				219847242A60A65300B3D031 /* CircleButtonAnimationView.swift in Sources */,
				21CF83F42A73100A005186FB /* CoinImageViewModel.swift in Sources */,
				21AB86972A8ADA14004D658B /* String.swift in Sources */,
				21D2FF552A68A70E00871195 /* PreviewProvider.swift in Sources */,
				219459842A7B054A0001247E /* PortfolioView.swift in Sources */,
				21984A6B2A69FD9A00FC6F0A /* Double.swift in Sources */,
				21CF83F22A730D66005186FB /* CoinImageService.swift in Sources */,
				21D96ABE2A8188830006D194 /* CoinDetailModel.swift in Sources */,
				219F4D5C2A62152E00CC3406 /* CoinModel.swift in Sources */,
				21D96AC22A8190150006D194 /* CoinDetailDataService.swift in Sources */,
				21D96AC02A818FCE0006D194 /* DetailViewModel.swift in Sources */,
				218F33BF2A7D8EB300EB96F9 /* PortfolioDataService.swift in Sources */,
			);
			runOnlyForDeploymentPostprocessing = 0;
		};
/* End PBXSourcesBuildPhase section */

/* Begin XCBuildConfiguration section */
		219847112A60907600B3D031 /* Debug */ = {
			isa = XCBuildConfiguration;
			buildSettings = {
				ALWAYS_SEARCH_USER_PATHS = NO;
				CLANG_ANALYZER_NONNULL = YES;
				CLANG_ANALYZER_NUMBER_OBJECT_CONVERSION = YES_AGGRESSIVE;
				CLANG_CXX_LANGUAGE_STANDARD = "gnu++20";
				CLANG_ENABLE_MODULES = YES;
				CLANG_ENABLE_OBJC_ARC = YES;
				CLANG_ENABLE_OBJC_WEAK = YES;
				CLANG_WARN_BLOCK_CAPTURE_AUTORELEASING = YES;
				CLANG_WARN_BOOL_CONVERSION = YES;
				CLANG_WARN_COMMA = YES;
				CLANG_WARN_CONSTANT_CONVERSION = YES;
				CLANG_WARN_DEPRECATED_OBJC_IMPLEMENTATIONS = YES;
				CLANG_WARN_DIRECT_OBJC_ISA_USAGE = YES_ERROR;
				CLANG_WARN_DOCUMENTATION_COMMENTS = YES;
				CLANG_WARN_EMPTY_BODY = YES;
				CLANG_WARN_ENUM_CONVERSION = YES;
				CLANG_WARN_INFINITE_RECURSION = YES;
				CLANG_WARN_INT_CONVERSION = YES;
				CLANG_WARN_NON_LITERAL_NULL_CONVERSION = YES;
				CLANG_WARN_OBJC_IMPLICIT_RETAIN_SELF = YES;
				CLANG_WARN_OBJC_LITERAL_CONVERSION = YES;
				CLANG_WARN_OBJC_ROOT_CLASS = YES_ERROR;
				CLANG_WARN_QUOTED_INCLUDE_IN_FRAMEWORK_HEADER = YES;
				CLANG_WARN_RANGE_LOOP_ANALYSIS = YES;
				CLANG_WARN_STRICT_PROTOTYPES = YES;
				CLANG_WARN_SUSPICIOUS_MOVE = YES;
				CLANG_WARN_UNGUARDED_AVAILABILITY = YES_AGGRESSIVE;
				CLANG_WARN_UNREACHABLE_CODE = YES;
				CLANG_WARN__DUPLICATE_METHOD_MATCH = YES;
				COPY_PHASE_STRIP = NO;
				DEBUG_INFORMATION_FORMAT = dwarf;
				ENABLE_STRICT_OBJC_MSGSEND = YES;
				ENABLE_TESTABILITY = YES;
				GCC_C_LANGUAGE_STANDARD = gnu11;
				GCC_DYNAMIC_NO_PIC = NO;
				GCC_NO_COMMON_BLOCKS = YES;
				GCC_OPTIMIZATION_LEVEL = 0;
				GCC_PREPROCESSOR_DEFINITIONS = (
					"DEBUG=1",
					"$(inherited)",
				);
				GCC_WARN_64_TO_32_BIT_CONVERSION = YES;
				GCC_WARN_ABOUT_RETURN_TYPE = YES_ERROR;
				GCC_WARN_UNDECLARED_SELECTOR = YES;
				GCC_WARN_UNINITIALIZED_AUTOS = YES_AGGRESSIVE;
				GCC_WARN_UNUSED_FUNCTION = YES;
				GCC_WARN_UNUSED_VARIABLE = YES;
				IPHONEOS_DEPLOYMENT_TARGET = 16.4;
				MTL_ENABLE_DEBUG_INFO = INCLUDE_SOURCE;
				MTL_FAST_MATH = YES;
				ONLY_ACTIVE_ARCH = YES;
				SDKROOT = iphoneos;
				SWIFT_ACTIVE_COMPILATION_CONDITIONS = DEBUG;
				SWIFT_OPTIMIZATION_LEVEL = "-Onone";
			};
			name = Debug;
		};
		219847122A60907600B3D031 /* Release */ = {
			isa = XCBuildConfiguration;
			buildSettings = {
				ALWAYS_SEARCH_USER_PATHS = NO;
				CLANG_ANALYZER_NONNULL = YES;
				CLANG_ANALYZER_NUMBER_OBJECT_CONVERSION = YES_AGGRESSIVE;
				CLANG_CXX_LANGUAGE_STANDARD = "gnu++20";
				CLANG_ENABLE_MODULES = YES;
				CLANG_ENABLE_OBJC_ARC = YES;
				CLANG_ENABLE_OBJC_WEAK = YES;
				CLANG_WARN_BLOCK_CAPTURE_AUTORELEASING = YES;
				CLANG_WARN_BOOL_CONVERSION = YES;
				CLANG_WARN_COMMA = YES;
				CLANG_WARN_CONSTANT_CONVERSION = YES;
				CLANG_WARN_DEPRECATED_OBJC_IMPLEMENTATIONS = YES;
				CLANG_WARN_DIRECT_OBJC_ISA_USAGE = YES_ERROR;
				CLANG_WARN_DOCUMENTATION_COMMENTS = YES;
				CLANG_WARN_EMPTY_BODY = YES;
				CLANG_WARN_ENUM_CONVERSION = YES;
				CLANG_WARN_INFINITE_RECURSION = YES;
				CLANG_WARN_INT_CONVERSION = YES;
				CLANG_WARN_NON_LITERAL_NULL_CONVERSION = YES;
				CLANG_WARN_OBJC_IMPLICIT_RETAIN_SELF = YES;
				CLANG_WARN_OBJC_LITERAL_CONVERSION = YES;
				CLANG_WARN_OBJC_ROOT_CLASS = YES_ERROR;
				CLANG_WARN_QUOTED_INCLUDE_IN_FRAMEWORK_HEADER = YES;
				CLANG_WARN_RANGE_LOOP_ANALYSIS = YES;
				CLANG_WARN_STRICT_PROTOTYPES = YES;
				CLANG_WARN_SUSPICIOUS_MOVE = YES;
				CLANG_WARN_UNGUARDED_AVAILABILITY = YES_AGGRESSIVE;
				CLANG_WARN_UNREACHABLE_CODE = YES;
				CLANG_WARN__DUPLICATE_METHOD_MATCH = YES;
				COPY_PHASE_STRIP = NO;
				DEBUG_INFORMATION_FORMAT = "dwarf-with-dsym";
				ENABLE_NS_ASSERTIONS = NO;
				ENABLE_STRICT_OBJC_MSGSEND = YES;
				GCC_C_LANGUAGE_STANDARD = gnu11;
				GCC_NO_COMMON_BLOCKS = YES;
				GCC_WARN_64_TO_32_BIT_CONVERSION = YES;
				GCC_WARN_ABOUT_RETURN_TYPE = YES_ERROR;
				GCC_WARN_UNDECLARED_SELECTOR = YES;
				GCC_WARN_UNINITIALIZED_AUTOS = YES_AGGRESSIVE;
				GCC_WARN_UNUSED_FUNCTION = YES;
				GCC_WARN_UNUSED_VARIABLE = YES;
				IPHONEOS_DEPLOYMENT_TARGET = 16.4;
				MTL_ENABLE_DEBUG_INFO = NO;
				MTL_FAST_MATH = YES;
				SDKROOT = iphoneos;
				SWIFT_COMPILATION_MODE = wholemodule;
				SWIFT_OPTIMIZATION_LEVEL = "-O";
				VALIDATE_PRODUCT = YES;
			};
			name = Release;
		};
		219847142A60907600B3D031 /* Debug */ = {
			isa = XCBuildConfiguration;
			buildSettings = {
				ASSETCATALOG_COMPILER_APPICON_NAME = AppIcon;
				ASSETCATALOG_COMPILER_GLOBAL_ACCENT_COLOR_NAME = AccentColor;
				CODE_SIGN_STYLE = Automatic;
				CURRENT_PROJECT_VERSION = 1;
				DEVELOPMENT_ASSET_PATHS = "\"CryptoInfo/Preview Content\"";
				DEVELOPMENT_TEAM = HU73YD5J6R;
				ENABLE_PREVIEWS = YES;
				GENERATE_INFOPLIST_FILE = YES;
				INFOPLIST_KEY_CFBundleDisplayName = "Crypto Info";
				INFOPLIST_KEY_UIApplicationSceneManifest_Generation = YES;
				INFOPLIST_KEY_UIApplicationSupportsIndirectInputEvents = YES;
				INFOPLIST_KEY_UILaunchScreen_Generation = YES;
				INFOPLIST_KEY_UISupportedInterfaceOrientations = UIInterfaceOrientationPortrait;
				LD_RUNPATH_SEARCH_PATHS = (
					"$(inherited)",
					"@executable_path/Frameworks",
				);
				MARKETING_VERSION = 1.0;
				PRODUCT_BUNDLE_IDENTIFIER = com.mdsrmed.CryptoInfo;
				PRODUCT_NAME = "$(TARGET_NAME)";
				SWIFT_EMIT_LOC_STRINGS = YES;
				SWIFT_VERSION = 5.0;
				TARGETED_DEVICE_FAMILY = "1,2";
			};
			name = Debug;
		};
		219847152A60907600B3D031 /* Release */ = {
			isa = XCBuildConfiguration;
			buildSettings = {
				ASSETCATALOG_COMPILER_APPICON_NAME = AppIcon;
				ASSETCATALOG_COMPILER_GLOBAL_ACCENT_COLOR_NAME = AccentColor;
				CODE_SIGN_STYLE = Automatic;
				CURRENT_PROJECT_VERSION = 1;
				DEVELOPMENT_ASSET_PATHS = "\"CryptoInfo/Preview Content\"";
				DEVELOPMENT_TEAM = HU73YD5J6R;
				ENABLE_PREVIEWS = YES;
				GENERATE_INFOPLIST_FILE = YES;
				INFOPLIST_KEY_CFBundleDisplayName = "Crypto Info";
				INFOPLIST_KEY_UIApplicationSceneManifest_Generation = YES;
				INFOPLIST_KEY_UIApplicationSupportsIndirectInputEvents = YES;
				INFOPLIST_KEY_UILaunchScreen_Generation = YES;
				INFOPLIST_KEY_UISupportedInterfaceOrientations = UIInterfaceOrientationPortrait;
				LD_RUNPATH_SEARCH_PATHS = (
					"$(inherited)",
					"@executable_path/Frameworks",
				);
				MARKETING_VERSION = 1.0;
				PRODUCT_BUNDLE_IDENTIFIER = com.mdsrmed.CryptoInfo;
				PRODUCT_NAME = "$(TARGET_NAME)";
				SWIFT_EMIT_LOC_STRINGS = YES;
				SWIFT_VERSION = 5.0;
				TARGETED_DEVICE_FAMILY = "1,2";
			};
			name = Release;
		};
/* End XCBuildConfiguration section */

/* Begin XCConfigurationList section */
		219847002A60907500B3D031 /* Build configuration list for PBXProject "CryptoInfo" */ = {
			isa = XCConfigurationList;
			buildConfigurations = (
				219847112A60907600B3D031 /* Debug */,
				219847122A60907600B3D031 /* Release */,
			);
			defaultConfigurationIsVisible = 0;
			defaultConfigurationName = Release;
		};
		219847132A60907600B3D031 /* Build configuration list for PBXNativeTarget "CryptoInfo" */ = {
			isa = XCConfigurationList;
			buildConfigurations = (
				219847142A60907600B3D031 /* Debug */,
				219847152A60907600B3D031 /* Release */,
			);
			defaultConfigurationIsVisible = 0;
			defaultConfigurationName = Release;
		};
/* End XCConfigurationList section */

/* Begin XCVersionGroup section */
		218F33BB2A7D8DDF00EB96F9 /* PortfolioContainer.xcdatamodeld */ = {
			isa = XCVersionGroup;
			children = (
				218F33BC2A7D8DDF00EB96F9 /* PortfolioContainer.xcdatamodel */,
			);
			currentVersion = 218F33BC2A7D8DDF00EB96F9 /* PortfolioContainer.xcdatamodel */;
			path = PortfolioContainer.xcdatamodeld;
			sourceTree = "<group>";
			versionGroupType = wrapper.xcdatamodel;
		};
/* End XCVersionGroup section */
	};
	rootObject = 219846FD2A60907500B3D031 /* Project object */;
}
